// !$*UTF8*$!
{
	archiveVersion = 1;
	classes = {
	};
	objectVersion = 46;
	objects = {

/* Begin PBXBuildFile section */
		63A4BE121E92F2F600107E8C /* RegisterViewController.swift in Sources */ = {isa = PBXBuildFile; fileRef = 63A4BE111E92F2F600107E8C /* RegisterViewController.swift */; };
		63A4BE141E930F6100107E8C /* GoogleService-Info.plist in Resources */ = {isa = PBXBuildFile; fileRef = 63A4BE131E930F6100107E8C /* GoogleService-Info.plist */; };
		63B2FEFC1EB817410090EA3E /* ViewMessageTableViewController.swift in Sources */ = {isa = PBXBuildFile; fileRef = 63B2FEFB1EB817410090EA3E /* ViewMessageTableViewController.swift */; };
		63B2FEFE1EB8324D0090EA3E /* GeneralUserInfoViewController.swift in Sources */ = {isa = PBXBuildFile; fileRef = 63B2FEFD1EB8324D0090EA3E /* GeneralUserInfoViewController.swift */; };
		63BEAF461E75079D000AEDDF /* AppDelegate.swift in Sources */ = {isa = PBXBuildFile; fileRef = 63BEAF451E75079D000AEDDF /* AppDelegate.swift */; };
		63BEAF481E75079D000AEDDF /* ViewController.swift in Sources */ = {isa = PBXBuildFile; fileRef = 63BEAF471E75079D000AEDDF /* ViewController.swift */; };
		63BEAF4B1E75079D000AEDDF /* Main.storyboard in Resources */ = {isa = PBXBuildFile; fileRef = 63BEAF491E75079D000AEDDF /* Main.storyboard */; };
		63BEAF4E1E75079D000AEDDF /* GMT.xcdatamodeld in Sources */ = {isa = PBXBuildFile; fileRef = 63BEAF4C1E75079D000AEDDF /* GMT.xcdatamodeld */; };
		63BEAF501E75079D000AEDDF /* Assets.xcassets in Resources */ = {isa = PBXBuildFile; fileRef = 63BEAF4F1E75079D000AEDDF /* Assets.xcassets */; };
		63BEAF531E75079D000AEDDF /* LaunchScreen.storyboard in Resources */ = {isa = PBXBuildFile; fileRef = 63BEAF511E75079D000AEDDF /* LaunchScreen.storyboard */; };
		63BEAF5E1E75079D000AEDDF /* GMTTests.swift in Sources */ = {isa = PBXBuildFile; fileRef = 63BEAF5D1E75079D000AEDDF /* GMTTests.swift */; };
		63BEAF691E75079D000AEDDF /* GMTUITests.swift in Sources */ = {isa = PBXBuildFile; fileRef = 63BEAF681E75079D000AEDDF /* GMTUITests.swift */; };
		C8D80570FE28B447C817048D /* Pods_GMT.framework in Frameworks */ = {isa = PBXBuildFile; fileRef = D3601EB81952BA29C37831E6 /* Pods_GMT.framework */; };
		E843255C3E29B41F508AF434 /* Pods_GMTTests.framework in Frameworks */ = {isa = PBXBuildFile; fileRef = 8D9D4DFDA44AA38AC5190CC5 /* Pods_GMTTests.framework */; };
		FA062D9FF2694CE3B8BAA7E8 /* Pods_GMTUITests.framework in Frameworks */ = {isa = PBXBuildFile; fileRef = 23E14FEDB2CB400F37EA96A7 /* Pods_GMTUITests.framework */; };
/* End PBXBuildFile section */

/* Begin PBXContainerItemProxy section */
		63BEAF5A1E75079D000AEDDF /* PBXContainerItemProxy */ = {
			isa = PBXContainerItemProxy;
			containerPortal = 63BEAF3A1E75079C000AEDDF /* Project object */;
			proxyType = 1;
			remoteGlobalIDString = 63BEAF411E75079C000AEDDF;
			remoteInfo = GMT;
		};
		63BEAF651E75079D000AEDDF /* PBXContainerItemProxy */ = {
			isa = PBXContainerItemProxy;
			containerPortal = 63BEAF3A1E75079C000AEDDF /* Project object */;
			proxyType = 1;
			remoteGlobalIDString = 63BEAF411E75079C000AEDDF;
			remoteInfo = GMT;
		};
/* End PBXContainerItemProxy section */

/* Begin PBXFileReference section */
		143798F392D93022BA38312F /* Pods-GMTTests.release.xcconfig */ = {isa = PBXFileReference; includeInIndex = 1; lastKnownFileType = text.xcconfig; name = "Pods-GMTTests.release.xcconfig"; path = "Pods/Target Support Files/Pods-GMTTests/Pods-GMTTests.release.xcconfig"; sourceTree = "<group>"; };
		23E14FEDB2CB400F37EA96A7 /* Pods_GMTUITests.framework */ = {isa = PBXFileReference; explicitFileType = wrapper.framework; includeInIndex = 0; path = Pods_GMTUITests.framework; sourceTree = BUILT_PRODUCTS_DIR; };
		2B75FA48EAC2A1C8AB729E3F /* Pods-GMT.release.xcconfig */ = {isa = PBXFileReference; includeInIndex = 1; lastKnownFileType = text.xcconfig; name = "Pods-GMT.release.xcconfig"; path = "Pods/Target Support Files/Pods-GMT/Pods-GMT.release.xcconfig"; sourceTree = "<group>"; };
		559626B49F58D2A363F75876 /* Pods-GMT.debug.xcconfig */ = {isa = PBXFileReference; includeInIndex = 1; lastKnownFileType = text.xcconfig; name = "Pods-GMT.debug.xcconfig"; path = "Pods/Target Support Files/Pods-GMT/Pods-GMT.debug.xcconfig"; sourceTree = "<group>"; };
		63A4BE111E92F2F600107E8C /* RegisterViewController.swift */ = {isa = PBXFileReference; fileEncoding = 4; lastKnownFileType = sourcecode.swift; path = RegisterViewController.swift; sourceTree = "<group>"; };
		63A4BE131E930F6100107E8C /* GoogleService-Info.plist */ = {isa = PBXFileReference; fileEncoding = 4; lastKnownFileType = text.plist.xml; path = "GoogleService-Info.plist"; sourceTree = "<group>"; };
		63B2FEFB1EB817410090EA3E /* ViewMessageTableViewController.swift */ = {isa = PBXFileReference; fileEncoding = 4; lastKnownFileType = sourcecode.swift; path = ViewMessageTableViewController.swift; sourceTree = "<group>"; };
		63B2FEFD1EB8324D0090EA3E /* GeneralUserInfoViewController.swift */ = {isa = PBXFileReference; fileEncoding = 4; lastKnownFileType = sourcecode.swift; path = GeneralUserInfoViewController.swift; sourceTree = "<group>"; };
		63BEAF421E75079D000AEDDF /* GMT.app */ = {isa = PBXFileReference; explicitFileType = wrapper.application; includeInIndex = 0; path = GMT.app; sourceTree = BUILT_PRODUCTS_DIR; };
		63BEAF451E75079D000AEDDF /* AppDelegate.swift */ = {isa = PBXFileReference; lastKnownFileType = sourcecode.swift; path = AppDelegate.swift; sourceTree = "<group>"; };
		63BEAF471E75079D000AEDDF /* ViewController.swift */ = {isa = PBXFileReference; lastKnownFileType = sourcecode.swift; path = ViewController.swift; sourceTree = "<group>"; };
		63BEAF4A1E75079D000AEDDF /* Base */ = {isa = PBXFileReference; lastKnownFileType = file.storyboard; name = Base; path = Base.lproj/Main.storyboard; sourceTree = "<group>"; };
		63BEAF4D1E75079D000AEDDF /* GMT.xcdatamodel */ = {isa = PBXFileReference; lastKnownFileType = wrapper.xcdatamodel; path = GMT.xcdatamodel; sourceTree = "<group>"; };
		63BEAF4F1E75079D000AEDDF /* Assets.xcassets */ = {isa = PBXFileReference; lastKnownFileType = folder.assetcatalog; path = Assets.xcassets; sourceTree = "<group>"; };
		63BEAF521E75079D000AEDDF /* Base */ = {isa = PBXFileReference; lastKnownFileType = file.storyboard; name = Base; path = Base.lproj/LaunchScreen.storyboard; sourceTree = "<group>"; };
		63BEAF541E75079D000AEDDF /* Info.plist */ = {isa = PBXFileReference; lastKnownFileType = text.plist.xml; path = Info.plist; sourceTree = "<group>"; };
		63BEAF591E75079D000AEDDF /* GMTTests.xctest */ = {isa = PBXFileReference; explicitFileType = wrapper.cfbundle; includeInIndex = 0; path = GMTTests.xctest; sourceTree = BUILT_PRODUCTS_DIR; };
		63BEAF5D1E75079D000AEDDF /* GMTTests.swift */ = {isa = PBXFileReference; lastKnownFileType = sourcecode.swift; path = GMTTests.swift; sourceTree = "<group>"; };
		63BEAF5F1E75079D000AEDDF /* Info.plist */ = {isa = PBXFileReference; lastKnownFileType = text.plist.xml; path = Info.plist; sourceTree = "<group>"; };
		63BEAF641E75079D000AEDDF /* GMTUITests.xctest */ = {isa = PBXFileReference; explicitFileType = wrapper.cfbundle; includeInIndex = 0; path = GMTUITests.xctest; sourceTree = BUILT_PRODUCTS_DIR; };
		63BEAF681E75079D000AEDDF /* GMTUITests.swift */ = {isa = PBXFileReference; lastKnownFileType = sourcecode.swift; path = GMTUITests.swift; sourceTree = "<group>"; };
		63BEAF6A1E75079D000AEDDF /* Info.plist */ = {isa = PBXFileReference; lastKnownFileType = text.plist.xml; path = Info.plist; sourceTree = "<group>"; };
		8D9D4DFDA44AA38AC5190CC5 /* Pods_GMTTests.framework */ = {isa = PBXFileReference; explicitFileType = wrapper.framework; includeInIndex = 0; path = Pods_GMTTests.framework; sourceTree = BUILT_PRODUCTS_DIR; };
		B2667D374E36697B3C7D290F /* Pods-GMTUITests.release.xcconfig */ = {isa = PBXFileReference; includeInIndex = 1; lastKnownFileType = text.xcconfig; name = "Pods-GMTUITests.release.xcconfig"; path = "Pods/Target Support Files/Pods-GMTUITests/Pods-GMTUITests.release.xcconfig"; sourceTree = "<group>"; };
		C1F764D1269C6D001CF3464A /* Pods-GMTTests.debug.xcconfig */ = {isa = PBXFileReference; includeInIndex = 1; lastKnownFileType = text.xcconfig; name = "Pods-GMTTests.debug.xcconfig"; path = "Pods/Target Support Files/Pods-GMTTests/Pods-GMTTests.debug.xcconfig"; sourceTree = "<group>"; };
		D3601EB81952BA29C37831E6 /* Pods_GMT.framework */ = {isa = PBXFileReference; explicitFileType = wrapper.framework; includeInIndex = 0; path = Pods_GMT.framework; sourceTree = BUILT_PRODUCTS_DIR; };
		F5D6C093AF5E22A61078B362 /* Pods-GMTUITests.debug.xcconfig */ = {isa = PBXFileReference; includeInIndex = 1; lastKnownFileType = text.xcconfig; name = "Pods-GMTUITests.debug.xcconfig"; path = "Pods/Target Support Files/Pods-GMTUITests/Pods-GMTUITests.debug.xcconfig"; sourceTree = "<group>"; };
/* End PBXFileReference section */

/* Begin PBXFrameworksBuildPhase section */
		63BEAF3F1E75079C000AEDDF /* Frameworks */ = {
			isa = PBXFrameworksBuildPhase;
			buildActionMask = 2147483647;
			files = (
				C8D80570FE28B447C817048D /* Pods_GMT.framework in Frameworks */,
			);
			runOnlyForDeploymentPostprocessing = 0;
		};
		63BEAF561E75079D000AEDDF /* Frameworks */ = {
			isa = PBXFrameworksBuildPhase;
			buildActionMask = 2147483647;
			files = (
				E843255C3E29B41F508AF434 /* Pods_GMTTests.framework in Frameworks */,
			);
			runOnlyForDeploymentPostprocessing = 0;
		};
		63BEAF611E75079D000AEDDF /* Frameworks */ = {
			isa = PBXFrameworksBuildPhase;
			buildActionMask = 2147483647;
			files = (
				FA062D9FF2694CE3B8BAA7E8 /* Pods_GMTUITests.framework in Frameworks */,
			);
			runOnlyForDeploymentPostprocessing = 0;
		};
/* End PBXFrameworksBuildPhase section */

/* Begin PBXGroup section */
		36E1B8F87FC868D91E5838B7 /* Pods */ = {
			isa = PBXGroup;
			children = (
				559626B49F58D2A363F75876 /* Pods-GMT.debug.xcconfig */,
				2B75FA48EAC2A1C8AB729E3F /* Pods-GMT.release.xcconfig */,
				C1F764D1269C6D001CF3464A /* Pods-GMTTests.debug.xcconfig */,
				143798F392D93022BA38312F /* Pods-GMTTests.release.xcconfig */,
				F5D6C093AF5E22A61078B362 /* Pods-GMTUITests.debug.xcconfig */,
				B2667D374E36697B3C7D290F /* Pods-GMTUITests.release.xcconfig */,
			);
			name = Pods;
			sourceTree = "<group>";
		};
		63A4BE0F1E92F2CE00107E8C /* Controller */ = {
			isa = PBXGroup;
			children = (
				63B2FEFD1EB8324D0090EA3E /* GeneralUserInfoViewController.swift */,
				63B2FEFB1EB817410090EA3E /* ViewMessageTableViewController.swift */,
				63A4BE111E92F2F600107E8C /* RegisterViewController.swift */,
			);
			name = Controller;
			sourceTree = "<group>";
		};
		63A4BE101E92F2D800107E8C /* Model */ = {
			isa = PBXGroup;
			children = (
			);
			name = Model;
			sourceTree = "<group>";
		};
		63BEAF391E75079C000AEDDF = {
			isa = PBXGroup;
			children = (
				63BEAF441E75079D000AEDDF /* GMT */,
				63BEAF5C1E75079D000AEDDF /* GMTTests */,
				63BEAF671E75079D000AEDDF /* GMTUITests */,
				63BEAF431E75079D000AEDDF /* Products */,
				36E1B8F87FC868D91E5838B7 /* Pods */,
				AE575C67007F4C63DEFBB417 /* Frameworks */,
			);
			sourceTree = "<group>";
		};
		63BEAF431E75079D000AEDDF /* Products */ = {
			isa = PBXGroup;
			children = (
				63BEAF421E75079D000AEDDF /* GMT.app */,
				63BEAF591E75079D000AEDDF /* GMTTests.xctest */,
				63BEAF641E75079D000AEDDF /* GMTUITests.xctest */,
			);
			name = Products;
			sourceTree = "<group>";
		};
		63BEAF441E75079D000AEDDF /* GMT */ = {
			isa = PBXGroup;
			children = (
				63A4BE131E930F6100107E8C /* GoogleService-Info.plist */,
				63A4BE101E92F2D800107E8C /* Model */,
				63A4BE0F1E92F2CE00107E8C /* Controller */,
				63BEAF451E75079D000AEDDF /* AppDelegate.swift */,
				63BEAF471E75079D000AEDDF /* ViewController.swift */,
				63BEAF491E75079D000AEDDF /* Main.storyboard */,
				63BEAF4F1E75079D000AEDDF /* Assets.xcassets */,
				63BEAF511E75079D000AEDDF /* LaunchScreen.storyboard */,
				63BEAF541E75079D000AEDDF /* Info.plist */,
				63BEAF4C1E75079D000AEDDF /* GMT.xcdatamodeld */,
			);
			path = GMT;
			sourceTree = "<group>";
		};
		63BEAF5C1E75079D000AEDDF /* GMTTests */ = {
			isa = PBXGroup;
			children = (
				63BEAF5D1E75079D000AEDDF /* GMTTests.swift */,
				63BEAF5F1E75079D000AEDDF /* Info.plist */,
			);
			path = GMTTests;
			sourceTree = "<group>";
		};
		63BEAF671E75079D000AEDDF /* GMTUITests */ = {
			isa = PBXGroup;
			children = (
				63BEAF681E75079D000AEDDF /* GMTUITests.swift */,
				63BEAF6A1E75079D000AEDDF /* Info.plist */,
			);
			path = GMTUITests;
			sourceTree = "<group>";
		};
		AE575C67007F4C63DEFBB417 /* Frameworks */ = {
			isa = PBXGroup;
			children = (
				D3601EB81952BA29C37831E6 /* Pods_GMT.framework */,
				8D9D4DFDA44AA38AC5190CC5 /* Pods_GMTTests.framework */,
				23E14FEDB2CB400F37EA96A7 /* Pods_GMTUITests.framework */,
			);
			name = Frameworks;
			sourceTree = "<group>";
		};
/* End PBXGroup section */

/* Begin PBXNativeTarget section */
		63BEAF411E75079C000AEDDF /* GMT */ = {
			isa = PBXNativeTarget;
			buildConfigurationList = 63BEAF6D1E75079D000AEDDF /* Build configuration list for PBXNativeTarget "GMT" */;
			buildPhases = (
				331F26AB976AC4E092FB2EE4 /* [CP] Check Pods Manifest.lock */,
				63BEAF3E1E75079C000AEDDF /* Sources */,
				63BEAF3F1E75079C000AEDDF /* Frameworks */,
				63BEAF401E75079C000AEDDF /* Resources */,
				0D18D2DFAB7F88F1776B5702 /* [CP] Embed Pods Frameworks */,
				A210B9DA959FCF8D300F87BE /* [CP] Copy Pods Resources */,
			);
			buildRules = (
			);
			dependencies = (
			);
			name = GMT;
			productName = GMT;
			productReference = 63BEAF421E75079D000AEDDF /* GMT.app */;
			productType = "com.apple.product-type.application";
		};
		63BEAF581E75079D000AEDDF /* GMTTests */ = {
			isa = PBXNativeTarget;
			buildConfigurationList = 63BEAF701E75079D000AEDDF /* Build configuration list for PBXNativeTarget "GMTTests" */;
			buildPhases = (
				1E69974A437DEBDC06F9958E /* [CP] Check Pods Manifest.lock */,
				63BEAF551E75079D000AEDDF /* Sources */,
				63BEAF561E75079D000AEDDF /* Frameworks */,
				63BEAF571E75079D000AEDDF /* Resources */,
				AD56EAB99C4CC5F6D4596281 /* [CP] Embed Pods Frameworks */,
				805DD93DD27DD38C442F3F80 /* [CP] Copy Pods Resources */,
			);
			buildRules = (
			);
			dependencies = (
				63BEAF5B1E75079D000AEDDF /* PBXTargetDependency */,
			);
			name = GMTTests;
			productName = GMTTests;
			productReference = 63BEAF591E75079D000AEDDF /* GMTTests.xctest */;
			productType = "com.apple.product-type.bundle.unit-test";
		};
		63BEAF631E75079D000AEDDF /* GMTUITests */ = {
			isa = PBXNativeTarget;
			buildConfigurationList = 63BEAF731E75079D000AEDDF /* Build configuration list for PBXNativeTarget "GMTUITests" */;
			buildPhases = (
				C83A88C3DA10BEE5D573DA94 /* [CP] Check Pods Manifest.lock */,
				63BEAF601E75079D000AEDDF /* Sources */,
				63BEAF611E75079D000AEDDF /* Frameworks */,
				63BEAF621E75079D000AEDDF /* Resources */,
				E38D7141332F52371DF2FDC6 /* [CP] Embed Pods Frameworks */,
				AF37924C8A885C613B17CF19 /* [CP] Copy Pods Resources */,
			);
			buildRules = (
			);
			dependencies = (
				63BEAF661E75079D000AEDDF /* PBXTargetDependency */,
			);
			name = GMTUITests;
			productName = GMTUITests;
			productReference = 63BEAF641E75079D000AEDDF /* GMTUITests.xctest */;
			productType = "com.apple.product-type.bundle.ui-testing";
		};
/* End PBXNativeTarget section */

/* Begin PBXProject section */
		63BEAF3A1E75079C000AEDDF /* Project object */ = {
			isa = PBXProject;
			attributes = {
				LastSwiftUpdateCheck = 0820;
				LastUpgradeCheck = 0820;
				ORGANIZATIONNAME = siyuan;
				TargetAttributes = {
					63BEAF411E75079C000AEDDF = {
						CreatedOnToolsVersion = 8.2.1;
						DevelopmentTeam = G5578WKW76;
						ProvisioningStyle = Automatic;
					};
					63BEAF581E75079D000AEDDF = {
						CreatedOnToolsVersion = 8.2.1;
						DevelopmentTeam = G5578WKW76;
						ProvisioningStyle = Automatic;
						TestTargetID = 63BEAF411E75079C000AEDDF;
					};
					63BEAF631E75079D000AEDDF = {
						CreatedOnToolsVersion = 8.2.1;
						DevelopmentTeam = G5578WKW76;
						ProvisioningStyle = Automatic;
						TestTargetID = 63BEAF411E75079C000AEDDF;
					};
				};
			};
			buildConfigurationList = 63BEAF3D1E75079C000AEDDF /* Build configuration list for PBXProject "GMT" */;
			compatibilityVersion = "Xcode 3.2";
			developmentRegion = English;
			hasScannedForEncodings = 0;
			knownRegions = (
				en,
				Base,
			);
			mainGroup = 63BEAF391E75079C000AEDDF;
			productRefGroup = 63BEAF431E75079D000AEDDF /* Products */;
			projectDirPath = "";
			projectRoot = "";
			targets = (
				63BEAF411E75079C000AEDDF /* GMT */,
				63BEAF581E75079D000AEDDF /* GMTTests */,
				63BEAF631E75079D000AEDDF /* GMTUITests */,
			);
		};
/* End PBXProject section */

/* Begin PBXResourcesBuildPhase section */
		63BEAF401E75079C000AEDDF /* Resources */ = {
			isa = PBXResourcesBuildPhase;
			buildActionMask = 2147483647;
			files = (
				63BEAF531E75079D000AEDDF /* LaunchScreen.storyboard in Resources */,
				63A4BE141E930F6100107E8C /* GoogleService-Info.plist in Resources */,
				63BEAF501E75079D000AEDDF /* Assets.xcassets in Resources */,
				63BEAF4B1E75079D000AEDDF /* Main.storyboard in Resources */,
			);
			runOnlyForDeploymentPostprocessing = 0;
		};
		63BEAF571E75079D000AEDDF /* Resources */ = {
			isa = PBXResourcesBuildPhase;
			buildActionMask = 2147483647;
			files = (
			);
			runOnlyForDeploymentPostprocessing = 0;
		};
		63BEAF621E75079D000AEDDF /* Resources */ = {
			isa = PBXResourcesBuildPhase;
			buildActionMask = 2147483647;
			files = (
			);
			runOnlyForDeploymentPostprocessing = 0;
		};
/* End PBXResourcesBuildPhase section */

/* Begin PBXShellScriptBuildPhase section */
		0D18D2DFAB7F88F1776B5702 /* [CP] Embed Pods Frameworks */ = {
			isa = PBXShellScriptBuildPhase;
			buildActionMask = 2147483647;
			files = (
			);
			inputPaths = (
			);
			name = "[CP] Embed Pods Frameworks";
			outputPaths = (
			);
			runOnlyForDeploymentPostprocessing = 0;
			shellPath = /bin/sh;
			shellScript = "\"${SRCROOT}/Pods/Target Support Files/Pods-GMT/Pods-GMT-frameworks.sh\"\n";
			showEnvVarsInLog = 0;
		};
		1E69974A437DEBDC06F9958E /* [CP] Check Pods Manifest.lock */ = {
			isa = PBXShellScriptBuildPhase;
			buildActionMask = 2147483647;
			files = (
			);
			inputPaths = (
			);
			name = "[CP] Check Pods Manifest.lock";
			outputPaths = (
			);
			runOnlyForDeploymentPostprocessing = 0;
			shellPath = /bin/sh;
			shellScript = "diff \"${PODS_ROOT}/../Podfile.lock\" \"${PODS_ROOT}/Manifest.lock\" > /dev/null\nif [ $? != 0 ] ; then\n    # print error to STDERR\n    echo \"error: The sandbox is not in sync with the Podfile.lock. Run 'pod install' or update your CocoaPods installation.\" >&2\n    exit 1\nfi\n";
			showEnvVarsInLog = 0;
		};
		331F26AB976AC4E092FB2EE4 /* [CP] Check Pods Manifest.lock */ = {
			isa = PBXShellScriptBuildPhase;
			buildActionMask = 2147483647;
			files = (
			);
			inputPaths = (
			);
			name = "[CP] Check Pods Manifest.lock";
			outputPaths = (
			);
			runOnlyForDeploymentPostprocessing = 0;
			shellPath = /bin/sh;
			shellScript = "diff \"${PODS_ROOT}/../Podfile.lock\" \"${PODS_ROOT}/Manifest.lock\" > /dev/null\nif [ $? != 0 ] ; then\n    # print error to STDERR\n    echo \"error: The sandbox is not in sync with the Podfile.lock. Run 'pod install' or update your CocoaPods installation.\" >&2\n    exit 1\nfi\n";
			showEnvVarsInLog = 0;
		};
		805DD93DD27DD38C442F3F80 /* [CP] Copy Pods Resources */ = {
			isa = PBXShellScriptBuildPhase;
			buildActionMask = 2147483647;
			files = (
			);
			inputPaths = (
			);
			name = "[CP] Copy Pods Resources";
			outputPaths = (
			);
			runOnlyForDeploymentPostprocessing = 0;
			shellPath = /bin/sh;
			shellScript = "\"${SRCROOT}/Pods/Target Support Files/Pods-GMTTests/Pods-GMTTests-resources.sh\"\n";
			showEnvVarsInLog = 0;
		};
		A210B9DA959FCF8D300F87BE /* [CP] Copy Pods Resources */ = {
			isa = PBXShellScriptBuildPhase;
			buildActionMask = 2147483647;
			files = (
			);
			inputPaths = (
			);
			name = "[CP] Copy Pods Resources";
			outputPaths = (
			);
			runOnlyForDeploymentPostprocessing = 0;
			shellPath = /bin/sh;
			shellScript = "\"${SRCROOT}/Pods/Target Support Files/Pods-GMT/Pods-GMT-resources.sh\"\n";
			showEnvVarsInLog = 0;
		};
		AD56EAB99C4CC5F6D4596281 /* [CP] Embed Pods Frameworks */ = {
			isa = PBXShellScriptBuildPhase;
			buildActionMask = 2147483647;
			files = (
			);
			inputPaths = (
			);
			name = "[CP] Embed Pods Frameworks";
			outputPaths = (
			);
			runOnlyForDeploymentPostprocessing = 0;
			shellPath = /bin/sh;
			shellScript = "\"${SRCROOT}/Pods/Target Support Files/Pods-GMTTests/Pods-GMTTests-frameworks.sh\"\n";
			showEnvVarsInLog = 0;
		};
		AF37924C8A885C613B17CF19 /* [CP] Copy Pods Resources */ = {
			isa = PBXShellScriptBuildPhase;
			buildActionMask = 2147483647;
			files = (
			);
			inputPaths = (
			);
			name = "[CP] Copy Pods Resources";
			outputPaths = (
			);
			runOnlyForDeploymentPostprocessing = 0;
			shellPath = /bin/sh;
			shellScript = "\"${SRCROOT}/Pods/Target Support Files/Pods-GMTUITests/Pods-GMTUITests-resources.sh\"\n";
			showEnvVarsInLog = 0;
		};
		C83A88C3DA10BEE5D573DA94 /* [CP] Check Pods Manifest.lock */ = {
			isa = PBXShellScriptBuildPhase;
			buildActionMask = 2147483647;
			files = (
			);
			inputPaths = (
			);
			name = "[CP] Check Pods Manifest.lock";
			outputPaths = (
			);
			runOnlyForDeploymentPostprocessing = 0;
			shellPath = /bin/sh;
			shellScript = "diff \"${PODS_ROOT}/../Podfile.lock\" \"${PODS_ROOT}/Manifest.lock\" > /dev/null\nif [ $? != 0 ] ; then\n    # print error to STDERR\n    echo \"error: The sandbox is not in sync with the Podfile.lock. Run 'pod install' or update your CocoaPods installation.\" >&2\n    exit 1\nfi\n";
			showEnvVarsInLog = 0;
		};
		E38D7141332F52371DF2FDC6 /* [CP] Embed Pods Frameworks */ = {
			isa = PBXShellScriptBuildPhase;
			buildActionMask = 2147483647;
			files = (
			);
			inputPaths = (
			);
			name = "[CP] Embed Pods Frameworks";
			outputPaths = (
			);
			runOnlyForDeploymentPostprocessing = 0;
			shellPath = /bin/sh;
			shellScript = "\"${SRCROOT}/Pods/Target Support Files/Pods-GMTUITests/Pods-GMTUITests-frameworks.sh\"\n";
			showEnvVarsInLog = 0;
		};
/* End PBXShellScriptBuildPhase section */

/* Begin PBXSourcesBuildPhase section */
		63BEAF3E1E75079C000AEDDF /* Sources */ = {
			isa = PBXSourcesBuildPhase;
			buildActionMask = 2147483647;
			files = (
				63BEAF481E75079D000AEDDF /* ViewController.swift in Sources */,
				63BEAF4E1E75079D000AEDDF /* GMT.xcdatamodeld in Sources */,
				63B2FEFE1EB8324D0090EA3E /* GeneralUserInfoViewController.swift in Sources */,
				63B2FEFC1EB817410090EA3E /* ViewMessageTableViewController.swift in Sources */,
				63BEAF461E75079D000AEDDF /* AppDelegate.swift in Sources */,
				63A4BE121E92F2F600107E8C /* RegisterViewController.swift in Sources */,
			);
			runOnlyForDeploymentPostprocessing = 0;
		};
		63BEAF551E75079D000AEDDF /* Sources */ = {
			isa = PBXSourcesBuildPhase;
			buildActionMask = 2147483647;
			files = (
				63BEAF5E1E75079D000AEDDF /* GMTTests.swift in Sources */,
			);
			runOnlyForDeploymentPostprocessing = 0;
		};
		63BEAF601E75079D000AEDDF /* Sources */ = {
			isa = PBXSourcesBuildPhase;
			buildActionMask = 2147483647;
			files = (
				63BEAF691E75079D000AEDDF /* GMTUITests.swift in Sources */,
			);
			runOnlyForDeploymentPostprocessing = 0;
		};
/* End PBXSourcesBuildPhase section */

/* Begin PBXTargetDependency section */
		63BEAF5B1E75079D000AEDDF /* PBXTargetDependency */ = {
			isa = PBXTargetDependency;
			target = 63BEAF411E75079C000AEDDF /* GMT */;
			targetProxy = 63BEAF5A1E75079D000AEDDF /* PBXContainerItemProxy */;
		};
		63BEAF661E75079D000AEDDF /* PBXTargetDependency */ = {
			isa = PBXTargetDependency;
			target = 63BEAF411E75079C000AEDDF /* GMT */;
			targetProxy = 63BEAF651E75079D000AEDDF /* PBXContainerItemProxy */;
		};
/* End PBXTargetDependency section */

/* Begin PBXVariantGroup section */
		63BEAF491E75079D000AEDDF /* Main.storyboard */ = {
			isa = PBXVariantGroup;
			children = (
				63BEAF4A1E75079D000AEDDF /* Base */,
			);
			name = Main.storyboard;
			sourceTree = "<group>";
		};
		63BEAF511E75079D000AEDDF /* LaunchScreen.storyboard */ = {
			isa = PBXVariantGroup;
			children = (
				63BEAF521E75079D000AEDDF /* Base */,
			);
			name = LaunchScreen.storyboard;
			sourceTree = "<group>";
		};
/* End PBXVariantGroup section */

/* Begin XCBuildConfiguration section */
		63BEAF6B1E75079D000AEDDF /* Debug */ = {
			isa = XCBuildConfiguration;
			buildSettings = {
				ALWAYS_SEARCH_USER_PATHS = NO;
				CLANG_ANALYZER_NONNULL = YES;
				CLANG_CXX_LANGUAGE_STANDARD = "gnu++0x";
				CLANG_CXX_LIBRARY = "libc++";
				CLANG_ENABLE_MODULES = YES;
				CLANG_ENABLE_OBJC_ARC = YES;
				CLANG_WARN_BOOL_CONVERSION = YES;
				CLANG_WARN_CONSTANT_CONVERSION = YES;
				CLANG_WARN_DIRECT_OBJC_ISA_USAGE = YES_ERROR;
				CLANG_WARN_DOCUMENTATION_COMMENTS = YES;
				CLANG_WARN_EMPTY_BODY = YES;
				CLANG_WARN_ENUM_CONVERSION = YES;
				CLANG_WARN_INFINITE_RECURSION = YES;
				CLANG_WARN_INT_CONVERSION = YES;
				CLANG_WARN_OBJC_ROOT_CLASS = YES_ERROR;
				CLANG_WARN_SUSPICIOUS_MOVE = YES;
				CLANG_WARN_UNREACHABLE_CODE = YES;
				CLANG_WARN__DUPLICATE_METHOD_MATCH = YES;
				"CODE_SIGN_IDENTITY[sdk=iphoneos*]" = "iPhone Developer";
				COPY_PHASE_STRIP = NO;
				DEBUG_INFORMATION_FORMAT = dwarf;
				ENABLE_STRICT_OBJC_MSGSEND = YES;
				ENABLE_TESTABILITY = YES;
				GCC_C_LANGUAGE_STANDARD = gnu99;
				GCC_DYNAMIC_NO_PIC = NO;
				GCC_NO_COMMON_BLOCKS = YES;
				GCC_OPTIMIZATION_LEVEL = 0;
				GCC_PREPROCESSOR_DEFINITIONS = (
					"DEBUG=1",
					"$(inherited)",
				);
				GCC_WARN_64_TO_32_BIT_CONVERSION = YES;
				GCC_WARN_ABOUT_RETURN_TYPE = YES_ERROR;
				GCC_WARN_UNDECLARED_SELECTOR = YES;
				GCC_WARN_UNINITIALIZED_AUTOS = YES_AGGRESSIVE;
				GCC_WARN_UNUSED_FUNCTION = YES;
				GCC_WARN_UNUSED_VARIABLE = YES;
				IPHONEOS_DEPLOYMENT_TARGET = 10.2;
				MTL_ENABLE_DEBUG_INFO = YES;
				ONLY_ACTIVE_ARCH = YES;
				SDKROOT = iphoneos;
				SWIFT_ACTIVE_COMPILATION_CONDITIONS = DEBUG;
				SWIFT_OPTIMIZATION_LEVEL = "-Onone";
				TARGETED_DEVICE_FAMILY = "1,2";
			};
			name = Debug;
		};
		63BEAF6C1E75079D000AEDDF /* Release */ = {
			isa = XCBuildConfiguration;
			buildSettings = {
				ALWAYS_SEARCH_USER_PATHS = NO;
				CLANG_ANALYZER_NONNULL = YES;
				CLANG_CXX_LANGUAGE_STANDARD = "gnu++0x";
				CLANG_CXX_LIBRARY = "libc++";
				CLANG_ENABLE_MODULES = YES;
				CLANG_ENABLE_OBJC_ARC = YES;
				CLANG_WARN_BOOL_CONVERSION = YES;
				CLANG_WARN_CONSTANT_CONVERSION = YES;
				CLANG_WARN_DIRECT_OBJC_ISA_USAGE = YES_ERROR;
				CLANG_WARN_DOCUMENTATION_COMMENTS = YES;
				CLANG_WARN_EMPTY_BODY = YES;
				CLANG_WARN_ENUM_CONVERSION = YES;
				CLANG_WARN_INFINITE_RECURSION = YES;
				CLANG_WARN_INT_CONVERSION = YES;
				CLANG_WARN_OBJC_ROOT_CLASS = YES_ERROR;
				CLANG_WARN_SUSPICIOUS_MOVE = YES;
				CLANG_WARN_UNREACHABLE_CODE = YES;
				CLANG_WARN__DUPLICATE_METHOD_MATCH = YES;
				"CODE_SIGN_IDENTITY[sdk=iphoneos*]" = "iPhone Developer";
				COPY_PHASE_STRIP = NO;
				DEBUG_INFORMATION_FORMAT = "dwarf-with-dsym";
				ENABLE_NS_ASSERTIONS = NO;
				ENABLE_STRICT_OBJC_MSGSEND = YES;
				GCC_C_LANGUAGE_STANDARD = gnu99;
				GCC_NO_COMMON_BLOCKS = YES;
				GCC_WARN_64_TO_32_BIT_CONVERSION = YES;
				GCC_WARN_ABOUT_RETURN_TYPE = YES_ERROR;
				GCC_WARN_UNDECLARED_SELECTOR = YES;
				GCC_WARN_UNINITIALIZED_AUTOS = YES_AGGRESSIVE;
				GCC_WARN_UNUSED_FUNCTION = YES;
				GCC_WARN_UNUSED_VARIABLE = YES;
				IPHONEOS_DEPLOYMENT_TARGET = 10.2;
				MTL_ENABLE_DEBUG_INFO = NO;
				SDKROOT = iphoneos;
				SWIFT_OPTIMIZATION_LEVEL = "-Owholemodule";
				TARGETED_DEVICE_FAMILY = "1,2";
				VALIDATE_PRODUCT = YES;
			};
			name = Release;
		};
		63BEAF6E1E75079D000AEDDF /* Debug */ = {
			isa = XCBuildConfiguration;
			baseConfigurationReference = 559626B49F58D2A363F75876 /* Pods-GMT.debug.xcconfig */;
			buildSettings = {
				ASSETCATALOG_COMPILER_APPICON_NAME = AppIcon;
				DEVELOPMENT_TEAM = G5578WKW76;
				INFOPLIST_FILE = GMT/Info.plist;
				LD_RUNPATH_SEARCH_PATHS = "$(inherited) @executable_path/Frameworks";
				PRODUCT_BUNDLE_IDENTIFIER = com.siyuan.testing.GMT;
				PRODUCT_NAME = "$(TARGET_NAME)";
				SWIFT_VERSION = 3.0;
			};
			name = Debug;
		};
		63BEAF6F1E75079D000AEDDF /* Release */ = {
			isa = XCBuildConfiguration;
			baseConfigurationReference = 2B75FA48EAC2A1C8AB729E3F /* Pods-GMT.release.xcconfig */;
			buildSettings = {
				ASSETCATALOG_COMPILER_APPICON_NAME = AppIcon;
				DEVELOPMENT_TEAM = G5578WKW76;
				INFOPLIST_FILE = GMT/Info.plist;
				LD_RUNPATH_SEARCH_PATHS = "$(inherited) @executable_path/Frameworks";
				PRODUCT_BUNDLE_IDENTIFIER = com.siyuan.testing.GMT;
				PRODUCT_NAME = "$(TARGET_NAME)";
				SWIFT_VERSION = 3.0;
			};
			name = Release;
		};
		63BEAF711E75079D000AEDDF /* Debug */ = {
			isa = XCBuildConfiguration;
			baseConfigurationReference = C1F764D1269C6D001CF3464A /* Pods-GMTTests.debug.xcconfig */;
			buildSettings = {
				ALWAYS_EMBED_SWIFT_STANDARD_LIBRARIES = YES;
				BUNDLE_LOADER = "$(TEST_HOST)";
				DEVELOPMENT_TEAM = G5578WKW76;
				INFOPLIST_FILE = GMTTests/Info.plist;
				LD_RUNPATH_SEARCH_PATHS = "$(inherited) @executable_path/Frameworks @loader_path/Frameworks";
				PRODUCT_BUNDLE_IDENTIFIER = com.hhh.testing.GMTTests;
				PRODUCT_NAME = "$(TARGET_NAME)";
				SWIFT_VERSION = 3.0;
				TEST_HOST = "$(BUILT_PRODUCTS_DIR)/GMT.app/GMT";
			};
			name = Debug;
		};
		63BEAF721E75079D000AEDDF /* Release */ = {
			isa = XCBuildConfiguration;
			baseConfigurationReference = 143798F392D93022BA38312F /* Pods-GMTTests.release.xcconfig */;
			buildSettings = {
				ALWAYS_EMBED_SWIFT_STANDARD_LIBRARIES = YES;
				BUNDLE_LOADER = "$(TEST_HOST)";
				DEVELOPMENT_TEAM = G5578WKW76;
				INFOPLIST_FILE = GMTTests/Info.plist;
				LD_RUNPATH_SEARCH_PATHS = "$(inherited) @executable_path/Frameworks @loader_path/Frameworks";
				PRODUCT_BUNDLE_IDENTIFIER = com.hhh.testing.GMTTests;
				PRODUCT_NAME = "$(TARGET_NAME)";
				SWIFT_VERSION = 3.0;
				TEST_HOST = "$(BUILT_PRODUCTS_DIR)/GMT.app/GMT";
			};
			name = Release;
		};
		63BEAF741E75079D000AEDDF /* Debug */ = {
			isa = XCBuildConfiguration;
			baseConfigurationReference = F5D6C093AF5E22A61078B362 /* Pods-GMTUITests.debug.xcconfig */;
			buildSettings = {
				ALWAYS_EMBED_SWIFT_STANDARD_LIBRARIES = YES;
				DEVELOPMENT_TEAM = G5578WKW76;
				INFOPLIST_FILE = GMTUITests/Info.plist;
				LD_RUNPATH_SEARCH_PATHS = "$(inherited) @executable_path/Frameworks @loader_path/Frameworks";
				PRODUCT_BUNDLE_IDENTIFIER = com.hhh.testing.GMTUITests;
				PRODUCT_NAME = "$(TARGET_NAME)";
				SWIFT_VERSION = 3.0;
				TEST_TARGET_NAME = GMT;
			};
			name = Debug;
		};
		63BEAF751E75079D000AEDDF /* Release */ = {
			isa = XCBuildConfiguration;
			baseConfigurationReference = B2667D374E36697B3C7D290F /* Pods-GMTUITests.release.xcconfig */;
			buildSettings = {
				ALWAYS_EMBED_SWIFT_STANDARD_LIBRARIES = YES;
				DEVELOPMENT_TEAM = G5578WKW76;
				INFOPLIST_FILE = GMTUITests/Info.plist;
				LD_RUNPATH_SEARCH_PATHS = "$(inherited) @executable_path/Frameworks @loader_path/Frameworks";
				PRODUCT_BUNDLE_IDENTIFIER = com.hhh.testing.GMTUITests;
				PRODUCT_NAME = "$(TARGET_NAME)";
				SWIFT_VERSION = 3.0;
				TEST_TARGET_NAME = GMT;
			};
			name = Release;
		};
/* End XCBuildConfiguration section */

/* Begin XCConfigurationList section */
		63BEAF3D1E75079C000AEDDF /* Build configuration list for PBXProject "GMT" */ = {
			isa = XCConfigurationList;
			buildConfigurations = (
				63BEAF6B1E75079D000AEDDF /* Debug */,
				63BEAF6C1E75079D000AEDDF /* Release */,
			);
			defaultConfigurationIsVisible = 0;
			defaultConfigurationName = Release;
		};
		63BEAF6D1E75079D000AEDDF /* Build configuration list for PBXNativeTarget "GMT" */ = {
			isa = XCConfigurationList;
			buildConfigurations = (
				63BEAF6E1E75079D000AEDDF /* Debug */,
				63BEAF6F1E75079D000AEDDF /* Release */,
			);
			defaultConfigurationIsVisible = 0;
			defaultConfigurationName = Release;
		};
		63BEAF701E75079D000AEDDF /* Build configuration list for PBXNativeTarget "GMTTests" */ = {
			isa = XCConfigurationList;
			buildConfigurations = (
				63BEAF711E75079D000AEDDF /* Debug */,
				63BEAF721E75079D000AEDDF /* Release */,
			);
			defaultConfigurationIsVisible = 0;
			defaultConfigurationName = Release;
		};
		63BEAF731E75079D000AEDDF /* Build configuration list for PBXNativeTarget "GMTUITests" */ = {
			isa = XCConfigurationList;
			buildConfigurations = (
				63BEAF741E75079D000AEDDF /* Debug */,
				63BEAF751E75079D000AEDDF /* Release */,
			);
			defaultConfigurationIsVisible = 0;
			defaultConfigurationName = Release;
		};
/* End XCConfigurationList section */

/* Begin XCVersionGroup section */
		63BEAF4C1E75079D000AEDDF /* GMT.xcdatamodeld */ = {
			isa = XCVersionGroup;
			children = (
				63BEAF4D1E75079D000AEDDF /* GMT.xcdatamodel */,
			);
			currentVersion = 63BEAF4D1E75079D000AEDDF /* GMT.xcdatamodel */;
			path = GMT.xcdatamodeld;
			sourceTree = "<group>";
			versionGroupType = wrapper.xcdatamodel;
		};
/* End XCVersionGroup section */
	};
	rootObject = 63BEAF3A1E75079C000AEDDF /* Project object */;
}
